// !$*UTF8*$!
{
	archiveVersion = 1;
	classes = {
	};
	objectVersion = 46;
	objects = {

/* Begin PBXBuildFile section */
		2D3F25641B142B0500823033 /* SetUnknownViewController.m in Sources */ = {isa = PBXBuildFile; fileRef = 2D3F25631B142B0500823033 /* SetUnknownViewController.m */; };
		2D73F6A21AC2B2B90045DFA4 /* NearBy.m in Sources */ = {isa = PBXBuildFile; fileRef = 2D73F6A11AC2B2B90045DFA4 /* NearBy.m */; };
		2D9C915C1B045C17009D3E5A /* ContactListViewController.m in Sources */ = {isa = PBXBuildFile; fileRef = 2D9C915B1B045C17009D3E5A /* ContactListViewController.m */; };
		2DBC08BC1ABF95540095FE00 /* main.m in Sources */ = {isa = PBXBuildFile; fileRef = 2DBC08BB1ABF95540095FE00 /* main.m */; };
		2DBC08BF1ABF95540095FE00 /* AppDelegate.m in Sources */ = {isa = PBXBuildFile; fileRef = 2DBC08BE1ABF95540095FE00 /* AppDelegate.m */; };
		2DBC08C51ABF95540095FE00 /* Main.storyboard in Resources */ = {isa = PBXBuildFile; fileRef = 2DBC08C31ABF95540095FE00 /* Main.storyboard */; };
		2DBC08C71ABF95540095FE00 /* Images.xcassets in Resources */ = {isa = PBXBuildFile; fileRef = 2DBC08C61ABF95540095FE00 /* Images.xcassets */; };
		2DBC08CA1ABF95540095FE00 /* LaunchScreen.xib in Resources */ = {isa = PBXBuildFile; fileRef = 2DBC08C81ABF95540095FE00 /* LaunchScreen.xib */; };
		2DBC08D61ABF95540095FE00 /* Serval_ChatTests.m in Sources */ = {isa = PBXBuildFile; fileRef = 2DBC08D51ABF95540095FE00 /* Serval_ChatTests.m */; };
		2DBC08E11ABFA4B20095FE00 /* Contact.m in Sources */ = {isa = PBXBuildFile; fileRef = 2DBC08E01ABFA4B20095FE00 /* Contact.m */; };
		2DBC08EF1ABFD6D40095FE00 /* MainScreenViewController.m in Sources */ = {isa = PBXBuildFile; fileRef = 2DBC08ED1ABFD6D40095FE00 /* MainScreenViewController.m */; };
		2DBC08F01ABFD6D40095FE00 /* MainScreenViewController.xib in Resources */ = {isa = PBXBuildFile; fileRef = 2DBC08EE1ABFD6D40095FE00 /* MainScreenViewController.xib */; };
		2DBC08F41ABFDB110095FE00 /* SettingViewController.m in Sources */ = {isa = PBXBuildFile; fileRef = 2DBC08F21ABFDB110095FE00 /* SettingViewController.m */; };
		2DBC08F51ABFDB110095FE00 /* SettingViewController.xib in Resources */ = {isa = PBXBuildFile; fileRef = 2DBC08F31ABFDB110095FE00 /* SettingViewController.xib */; };
		2DBC08F81ABFDDF00095FE00 /* Setting.m in Sources */ = {isa = PBXBuildFile; fileRef = 2DBC08F71ABFDDF00095FE00 /* Setting.m */; };
		2DBED56E1AF3159E00FE687B /* NearByListViewController.m in Sources */ = {isa = PBXBuildFile; fileRef = 2DBED56D1AF3159E00FE687B /* NearByListViewController.m */; };
		2DBED5711AF357D200FE687B /* RequestListViewController.m in Sources */ = {isa = PBXBuildFile; fileRef = 2DBED5701AF357D200FE687B /* RequestListViewController.m */; };
		2DBED5741AF3680D00FE687B /* SetRequestViewController.m in Sources */ = {isa = PBXBuildFile; fileRef = 2DBED5731AF3680D00FE687B /* SetRequestViewController.m */; };
		2DC009651AC4D98100E9C02A /* Blocked.m in Sources */ = {isa = PBXBuildFile; fileRef = 2DC009641AC4D98100E9C02A /* Blocked.m */; };
		2DC0096A1AC4DA8300E9C02A /* BlockedListTableViewController.xib in Resources */ = {isa = PBXBuildFile; fileRef = 2DC009681AC4DA8300E9C02A /* BlockedListTableViewController.xib */; };
		2DC0096D1AC4E37500E9C02A /* SetContactViewController.m in Sources */ = {isa = PBXBuildFile; fileRef = 2DC0096C1AC4E37500E9C02A /* SetContactViewController.m */; };
		2DC44F2A1AC406C5004D887A /* Request.m in Sources */ = {isa = PBXBuildFile; fileRef = 2DC44F291AC406C5004D887A /* Request.m */; };
		2DCD56141B09AF7F00F1C52C /* ConversationViewController.m in Sources */ = {isa = PBXBuildFile; fileRef = 2DCD56131B09AF7F00F1C52C /* ConversationViewController.m */; };
		2DD3A40F1B0070E100E3C46C /* SetBlockedViewController.m in Sources */ = {isa = PBXBuildFile; fileRef = 2DD3A40E1B0070E100E3C46C /* SetBlockedViewController.m */; };
		2DD3A4121B00800B00E3C46C /* BlockedListViewController.m in Sources */ = {isa = PBXBuildFile; fileRef = 2DD3A4111B00800B00E3C46C /* BlockedListViewController.m */; };
/* End PBXBuildFile section */

/* Begin PBXContainerItemProxy section */
		2DBC08D01ABF95540095FE00 /* PBXContainerItemProxy */ = {
			isa = PBXContainerItemProxy;
			containerPortal = 2DBC08AE1ABF95540095FE00 /* Project object */;
			proxyType = 1;
			remoteGlobalIDString = 2DBC08B51ABF95540095FE00;
			remoteInfo = "Serval Chat";
		};
/* End PBXContainerItemProxy section */

/* Begin PBXFileReference section */
		2D3F25621B142B0500823033 /* SetUnknownViewController.h */ = {isa = PBXFileReference; fileEncoding = 4; lastKnownFileType = sourcecode.c.h; path = SetUnknownViewController.h; sourceTree = "<group>"; };
		2D3F25631B142B0500823033 /* SetUnknownViewController.m */ = {isa = PBXFileReference; fileEncoding = 4; lastKnownFileType = sourcecode.c.objc; path = SetUnknownViewController.m; sourceTree = "<group>"; };
		2D73F6A01AC2B2B90045DFA4 /* NearBy.h */ = {isa = PBXFileReference; fileEncoding = 4; lastKnownFileType = sourcecode.c.h; path = NearBy.h; sourceTree = "<group>"; };
		2D73F6A11AC2B2B90045DFA4 /* NearBy.m */ = {isa = PBXFileReference; fileEncoding = 4; lastKnownFileType = sourcecode.c.objc; path = NearBy.m; sourceTree = "<group>"; };
		2D9C915A1B045C17009D3E5A /* ContactListViewController.h */ = {isa = PBXFileReference; fileEncoding = 4; lastKnownFileType = sourcecode.c.h; path = ContactListViewController.h; sourceTree = "<group>"; };
		2D9C915B1B045C17009D3E5A /* ContactListViewController.m */ = {isa = PBXFileReference; fileEncoding = 4; lastKnownFileType = sourcecode.c.objc; path = ContactListViewController.m; sourceTree = "<group>"; };
		2DBC08B61ABF95540095FE00 /* Serval Chat.app */ = {isa = PBXFileReference; explicitFileType = wrapper.application; includeInIndex = 0; path = "Serval Chat.app"; sourceTree = BUILT_PRODUCTS_DIR; };
		2DBC08BA1ABF95540095FE00 /* Info.plist */ = {isa = PBXFileReference; lastKnownFileType = text.plist.xml; path = Info.plist; sourceTree = "<group>"; };
		2DBC08BB1ABF95540095FE00 /* main.m */ = {isa = PBXFileReference; lastKnownFileType = sourcecode.c.objc; path = main.m; sourceTree = "<group>"; };
		2DBC08BD1ABF95540095FE00 /* AppDelegate.h */ = {isa = PBXFileReference; lastKnownFileType = sourcecode.c.h; path = AppDelegate.h; sourceTree = "<group>"; };
		2DBC08BE1ABF95540095FE00 /* AppDelegate.m */ = {isa = PBXFileReference; lastKnownFileType = sourcecode.c.objc; path = AppDelegate.m; sourceTree = "<group>"; };
		2DBC08C41ABF95540095FE00 /* Base */ = {isa = PBXFileReference; lastKnownFileType = file.storyboard; name = Base; path = Base.lproj/Main.storyboard; sourceTree = "<group>"; };
		2DBC08C61ABF95540095FE00 /* Images.xcassets */ = {isa = PBXFileReference; lastKnownFileType = folder.assetcatalog; path = Images.xcassets; sourceTree = "<group>"; };
		2DBC08C91ABF95540095FE00 /* Base */ = {isa = PBXFileReference; lastKnownFileType = file.xib; name = Base; path = Base.lproj/LaunchScreen.xib; sourceTree = "<group>"; };
		2DBC08CF1ABF95540095FE00 /* Serval ChatTests.xctest */ = {isa = PBXFileReference; explicitFileType = wrapper.cfbundle; includeInIndex = 0; path = "Serval ChatTests.xctest"; sourceTree = BUILT_PRODUCTS_DIR; };
		2DBC08D41ABF95540095FE00 /* Info.plist */ = {isa = PBXFileReference; lastKnownFileType = text.plist.xml; path = Info.plist; sourceTree = "<group>"; };
		2DBC08D51ABF95540095FE00 /* Serval_ChatTests.m */ = {isa = PBXFileReference; lastKnownFileType = sourcecode.c.objc; path = Serval_ChatTests.m; sourceTree = "<group>"; };
		2DBC08DF1ABFA4B20095FE00 /* Contact.h */ = {isa = PBXFileReference; fileEncoding = 4; lastKnownFileType = sourcecode.c.h; path = Contact.h; sourceTree = "<group>"; };
		2DBC08E01ABFA4B20095FE00 /* Contact.m */ = {isa = PBXFileReference; fileEncoding = 4; lastKnownFileType = sourcecode.c.objc; path = Contact.m; sourceTree = "<group>"; };
		2DBC08EC1ABFD6D40095FE00 /* MainScreenViewController.h */ = {isa = PBXFileReference; fileEncoding = 4; lastKnownFileType = sourcecode.c.h; path = MainScreenViewController.h; sourceTree = "<group>"; };
		2DBC08ED1ABFD6D40095FE00 /* MainScreenViewController.m */ = {isa = PBXFileReference; fileEncoding = 4; lastKnownFileType = sourcecode.c.objc; path = MainScreenViewController.m; sourceTree = "<group>"; };
		2DBC08EE1ABFD6D40095FE00 /* MainScreenViewController.xib */ = {isa = PBXFileReference; fileEncoding = 4; lastKnownFileType = file.xib; path = MainScreenViewController.xib; sourceTree = "<group>"; };
		2DBC08F11ABFDB110095FE00 /* SettingViewController.h */ = {isa = PBXFileReference; fileEncoding = 4; lastKnownFileType = sourcecode.c.h; path = SettingViewController.h; sourceTree = "<group>"; };
		2DBC08F21ABFDB110095FE00 /* SettingViewController.m */ = {isa = PBXFileReference; fileEncoding = 4; lastKnownFileType = sourcecode.c.objc; path = SettingViewController.m; sourceTree = "<group>"; };
		2DBC08F31ABFDB110095FE00 /* SettingViewController.xib */ = {isa = PBXFileReference; fileEncoding = 4; lastKnownFileType = file.xib; path = SettingViewController.xib; sourceTree = "<group>"; };
		2DBC08F61ABFDDF00095FE00 /* Setting.h */ = {isa = PBXFileReference; fileEncoding = 4; lastKnownFileType = sourcecode.c.h; path = Setting.h; sourceTree = "<group>"; };
		2DBC08F71ABFDDF00095FE00 /* Setting.m */ = {isa = PBXFileReference; fileEncoding = 4; lastKnownFileType = sourcecode.c.objc; path = Setting.m; sourceTree = "<group>"; };
		2DBED56C1AF3159E00FE687B /* NearByListViewController.h */ = {isa = PBXFileReference; fileEncoding = 4; lastKnownFileType = sourcecode.c.h; path = NearByListViewController.h; sourceTree = "<group>"; };
		2DBED56D1AF3159E00FE687B /* NearByListViewController.m */ = {isa = PBXFileReference; fileEncoding = 4; lastKnownFileType = sourcecode.c.objc; path = NearByListViewController.m; sourceTree = "<group>"; };
		2DBED56F1AF357D200FE687B /* RequestListViewController.h */ = {isa = PBXFileReference; fileEncoding = 4; lastKnownFileType = sourcecode.c.h; path = RequestListViewController.h; sourceTree = "<group>"; };
		2DBED5701AF357D200FE687B /* RequestListViewController.m */ = {isa = PBXFileReference; fileEncoding = 4; lastKnownFileType = sourcecode.c.objc; path = RequestListViewController.m; sourceTree = "<group>"; };
		2DBED5721AF3680D00FE687B /* SetRequestViewController.h */ = {isa = PBXFileReference; fileEncoding = 4; lastKnownFileType = sourcecode.c.h; path = SetRequestViewController.h; sourceTree = "<group>"; };
		2DBED5731AF3680D00FE687B /* SetRequestViewController.m */ = {isa = PBXFileReference; fileEncoding = 4; lastKnownFileType = sourcecode.c.objc; path = SetRequestViewController.m; sourceTree = "<group>"; };
		2DC009631AC4D98100E9C02A /* Blocked.h */ = {isa = PBXFileReference; fileEncoding = 4; lastKnownFileType = sourcecode.c.h; path = Blocked.h; sourceTree = "<group>"; };
		2DC009641AC4D98100E9C02A /* Blocked.m */ = {isa = PBXFileReference; fileEncoding = 4; lastKnownFileType = sourcecode.c.objc; path = Blocked.m; sourceTree = "<group>"; };
		2DC009681AC4DA8300E9C02A /* BlockedListTableViewController.xib */ = {isa = PBXFileReference; fileEncoding = 4; lastKnownFileType = file.xib; path = BlockedListTableViewController.xib; sourceTree = "<group>"; };
		2DC0096B1AC4E37500E9C02A /* SetContactViewController.h */ = {isa = PBXFileReference; fileEncoding = 4; lastKnownFileType = sourcecode.c.h; path = SetContactViewController.h; sourceTree = "<group>"; };
		2DC0096C1AC4E37500E9C02A /* SetContactViewController.m */ = {isa = PBXFileReference; fileEncoding = 4; lastKnownFileType = sourcecode.c.objc; path = SetContactViewController.m; sourceTree = "<group>"; };
		2DC44F281AC406C5004D887A /* Request.h */ = {isa = PBXFileReference; fileEncoding = 4; lastKnownFileType = sourcecode.c.h; path = Request.h; sourceTree = "<group>"; };
		2DC44F291AC406C5004D887A /* Request.m */ = {isa = PBXFileReference; fileEncoding = 4; lastKnownFileType = sourcecode.c.objc; path = Request.m; sourceTree = "<group>"; };
		2DCD56121B09AF7F00F1C52C /* ConversationViewController.h */ = {isa = PBXFileReference; fileEncoding = 4; lastKnownFileType = sourcecode.c.h; path = ConversationViewController.h; sourceTree = "<group>"; };
		2DCD56131B09AF7F00F1C52C /* ConversationViewController.m */ = {isa = PBXFileReference; fileEncoding = 4; lastKnownFileType = sourcecode.c.objc; path = ConversationViewController.m; sourceTree = "<group>"; };
		2DD3A40D1B0070E100E3C46C /* SetBlockedViewController.h */ = {isa = PBXFileReference; fileEncoding = 4; lastKnownFileType = sourcecode.c.h; path = SetBlockedViewController.h; sourceTree = "<group>"; };
		2DD3A40E1B0070E100E3C46C /* SetBlockedViewController.m */ = {isa = PBXFileReference; fileEncoding = 4; lastKnownFileType = sourcecode.c.objc; path = SetBlockedViewController.m; sourceTree = "<group>"; };
		2DD3A4101B00800B00E3C46C /* BlockedListViewController.h */ = {isa = PBXFileReference; fileEncoding = 4; lastKnownFileType = sourcecode.c.h; path = BlockedListViewController.h; sourceTree = "<group>"; };
		2DD3A4111B00800B00E3C46C /* BlockedListViewController.m */ = {isa = PBXFileReference; fileEncoding = 4; lastKnownFileType = sourcecode.c.objc; path = BlockedListViewController.m; sourceTree = "<group>"; };
/* End PBXFileReference section */

/* Begin PBXFrameworksBuildPhase section */
		2DBC08B31ABF95540095FE00 /* Frameworks */ = {
			isa = PBXFrameworksBuildPhase;
			buildActionMask = 2147483647;
			files = (
			);
			runOnlyForDeploymentPostprocessing = 0;
		};
		2DBC08CC1ABF95540095FE00 /* Frameworks */ = {
			isa = PBXFrameworksBuildPhase;
			buildActionMask = 2147483647;
			files = (
			);
			runOnlyForDeploymentPostprocessing = 0;
		};
/* End PBXFrameworksBuildPhase section */

/* Begin PBXGroup section */
		2DBC08AD1ABF95540095FE00 = {
			isa = PBXGroup;
			children = (
				2DBC08B81ABF95540095FE00 /* Serval Chat */,
				2DBC08D21ABF95540095FE00 /* Serval ChatTests */,
				2DBC08B71ABF95540095FE00 /* Products */,
			);
			sourceTree = "<group>";
		};
		2DBC08B71ABF95540095FE00 /* Products */ = {
			isa = PBXGroup;
			children = (
				2DBC08B61ABF95540095FE00 /* Serval Chat.app */,
				2DBC08CF1ABF95540095FE00 /* Serval ChatTests.xctest */,
			);
			name = Products;
			sourceTree = "<group>";
		};
		2DBC08B81ABF95540095FE00 /* Serval Chat */ = {
			isa = PBXGroup;
			children = (
				2DBC08BD1ABF95540095FE00 /* AppDelegate.h */,
				2DD3A40D1B0070E100E3C46C /* SetBlockedViewController.h */,
				2DD3A40E1B0070E100E3C46C /* SetBlockedViewController.m */,
				2DBC08BE1ABF95540095FE00 /* AppDelegate.m */,
				2DBC08C31ABF95540095FE00 /* Main.storyboard */,
				2D3F25621B142B0500823033 /* SetUnknownViewController.h */,
				2D3F25631B142B0500823033 /* SetUnknownViewController.m */,
				2DCD56121B09AF7F00F1C52C /* ConversationViewController.h */,
				2DCD56131B09AF7F00F1C52C /* ConversationViewController.m */,
				2D9C915A1B045C17009D3E5A /* ContactListViewController.h */,
				2D9C915B1B045C17009D3E5A /* ContactListViewController.m */,
				2DD3A4101B00800B00E3C46C /* BlockedListViewController.h */,
				2DD3A4111B00800B00E3C46C /* BlockedListViewController.m */,
				2DBED56F1AF357D200FE687B /* RequestListViewController.h */,
				2DBED5701AF357D200FE687B /* RequestListViewController.m */,
				2DC0096B1AC4E37500E9C02A /* SetContactViewController.h */,
				2DC0096C1AC4E37500E9C02A /* SetContactViewController.m */,
				2DBED5721AF3680D00FE687B /* SetRequestViewController.h */,
				2DBED5731AF3680D00FE687B /* SetRequestViewController.m */,
				2DC009681AC4DA8300E9C02A /* BlockedListTableViewController.xib */,
				2DC009631AC4D98100E9C02A /* Blocked.h */,
				2DC009641AC4D98100E9C02A /* Blocked.m */,
				2D73F6A01AC2B2B90045DFA4 /* NearBy.h */,
				2D73F6A11AC2B2B90045DFA4 /* NearBy.m */,
				2DBED56C1AF3159E00FE687B /* NearByListViewController.h */,
				2DBED56D1AF3159E00FE687B /* NearByListViewController.m */,
				2DBC08F11ABFDB110095FE00 /* SettingViewController.h */,
				2DBC08F21ABFDB110095FE00 /* SettingViewController.m */,
				2DBC08F31ABFDB110095FE00 /* SettingViewController.xib */,
				2DBC08EC1ABFD6D40095FE00 /* MainScreenViewController.h */,
				2DBC08ED1ABFD6D40095FE00 /* MainScreenViewController.m */,
				2DBC08EE1ABFD6D40095FE00 /* MainScreenViewController.xib */,
				2DC44F281AC406C5004D887A /* Request.h */,
				2DC44F291AC406C5004D887A /* Request.m */,
				2DBC08DF1ABFA4B20095FE00 /* Contact.h */,
				2DBC08F61ABFDDF00095FE00 /* Setting.h */,
				2DBC08F71ABFDDF00095FE00 /* Setting.m */,
				2DBC08E01ABFA4B20095FE00 /* Contact.m */,
				2DBC08C61ABF95540095FE00 /* Images.xcassets */,
				2DBC08C81ABF95540095FE00 /* LaunchScreen.xib */,
				2DBC08B91ABF95540095FE00 /* Supporting Files */,
			);
			path = "Serval Chat";
			sourceTree = "<group>";
		};
		2DBC08B91ABF95540095FE00 /* Supporting Files */ = {
			isa = PBXGroup;
			children = (
				2DBC08BA1ABF95540095FE00 /* Info.plist */,
				2DBC08BB1ABF95540095FE00 /* main.m */,
			);
			name = "Supporting Files";
			sourceTree = "<group>";
		};
		2DBC08D21ABF95540095FE00 /* Serval ChatTests */ = {
			isa = PBXGroup;
			children = (
				2DBC08D51ABF95540095FE00 /* Serval_ChatTests.m */,
				2DBC08D31ABF95540095FE00 /* Supporting Files */,
			);
			path = "Serval ChatTests";
			sourceTree = "<group>";
		};
		2DBC08D31ABF95540095FE00 /* Supporting Files */ = {
			isa = PBXGroup;
			children = (
				2DBC08D41ABF95540095FE00 /* Info.plist */,
			);
			name = "Supporting Files";
			sourceTree = "<group>";
		};
/* End PBXGroup section */

/* Begin PBXNativeTarget section */
		2DBC08B51ABF95540095FE00 /* Serval Chat */ = {
			isa = PBXNativeTarget;
			buildConfigurationList = 2DBC08D91ABF95540095FE00 /* Build configuration list for PBXNativeTarget "Serval Chat" */;
			buildPhases = (
				2DBC08B21ABF95540095FE00 /* Sources */,
				2DBC08B31ABF95540095FE00 /* Frameworks */,
				2DBC08B41ABF95540095FE00 /* Resources */,
			);
			buildRules = (
			);
			dependencies = (
			);
			name = "Serval Chat";
			productName = "Serval Chat";
			productReference = 2DBC08B61ABF95540095FE00 /* Serval Chat.app */;
			productType = "com.apple.product-type.application";
		};
		2DBC08CE1ABF95540095FE00 /* Serval ChatTests */ = {
			isa = PBXNativeTarget;
			buildConfigurationList = 2DBC08DC1ABF95540095FE00 /* Build configuration list for PBXNativeTarget "Serval ChatTests" */;
			buildPhases = (
				2DBC08CB1ABF95540095FE00 /* Sources */,
				2DBC08CC1ABF95540095FE00 /* Frameworks */,
				2DBC08CD1ABF95540095FE00 /* Resources */,
			);
			buildRules = (
			);
			dependencies = (
				2DBC08D11ABF95540095FE00 /* PBXTargetDependency */,
			);
			name = "Serval ChatTests";
			productName = "Serval ChatTests";
			productReference = 2DBC08CF1ABF95540095FE00 /* Serval ChatTests.xctest */;
			productType = "com.apple.product-type.bundle.unit-test";
		};
/* End PBXNativeTarget section */

/* Begin PBXProject section */
		2DBC08AE1ABF95540095FE00 /* Project object */ = {
			isa = PBXProject;
			attributes = {
				LastUpgradeCheck = 0610;
				ORGANIZATIONNAME = "Imane Rai";
				TargetAttributes = {
					2DBC08B51ABF95540095FE00 = {
						CreatedOnToolsVersion = 6.1.1;
					};
					2DBC08CE1ABF95540095FE00 = {
						CreatedOnToolsVersion = 6.1.1;
						TestTargetID = 2DBC08B51ABF95540095FE00;
					};
				};
			};
			buildConfigurationList = 2DBC08B11ABF95540095FE00 /* Build configuration list for PBXProject "Serval Chat" */;
			compatibilityVersion = "Xcode 3.2";
			developmentRegion = English;
			hasScannedForEncodings = 0;
			knownRegions = (
				en,
				Base,
			);
			mainGroup = 2DBC08AD1ABF95540095FE00;
			productRefGroup = 2DBC08B71ABF95540095FE00 /* Products */;
			projectDirPath = "";
			projectRoot = "";
			targets = (
				2DBC08B51ABF95540095FE00 /* Serval Chat */,
				2DBC08CE1ABF95540095FE00 /* Serval ChatTests */,
			);
		};
/* End PBXProject section */

/* Begin PBXResourcesBuildPhase section */
		2DBC08B41ABF95540095FE00 /* Resources */ = {
			isa = PBXResourcesBuildPhase;
			buildActionMask = 2147483647;
			files = (
				2DBC08F51ABFDB110095FE00 /* SettingViewController.xib in Resources */,
				2DBC08C51ABF95540095FE00 /* Main.storyboard in Resources */,
				2DBC08CA1ABF95540095FE00 /* LaunchScreen.xib in Resources */,
				2DC0096A1AC4DA8300E9C02A /* BlockedListTableViewController.xib in Resources */,
				2DBC08C71ABF95540095FE00 /* Images.xcassets in Resources */,
				2DBC08F01ABFD6D40095FE00 /* MainScreenViewController.xib in Resources */,
			);
			runOnlyForDeploymentPostprocessing = 0;
		};
		2DBC08CD1ABF95540095FE00 /* Resources */ = {
			isa = PBXResourcesBuildPhase;
			buildActionMask = 2147483647;
			files = (
			);
			runOnlyForDeploymentPostprocessing = 0;
		};
/* End PBXResourcesBuildPhase section */

/* Begin PBXSourcesBuildPhase section */
		2DBC08B21ABF95540095FE00 /* Sources */ = {
			isa = PBXSourcesBuildPhase;
			buildActionMask = 2147483647;
			files = (
				2DBED5741AF3680D00FE687B /* SetRequestViewController.m in Sources */,
				2DD3A4121B00800B00E3C46C /* BlockedListViewController.m in Sources */,
				2DBC08EF1ABFD6D40095FE00 /* MainScreenViewController.m in Sources */,
				2DBED56E1AF3159E00FE687B /* NearByListViewController.m in Sources */,
				2DD3A40F1B0070E100E3C46C /* SetBlockedViewController.m in Sources */,
				2DBC08E11ABFA4B20095FE00 /* Contact.m in Sources */,
				2DC44F2A1AC406C5004D887A /* Request.m in Sources */,
				2D73F6A21AC2B2B90045DFA4 /* NearBy.m in Sources */,
				2DBC08BF1ABF95540095FE00 /* AppDelegate.m in Sources */,
				2DC009651AC4D98100E9C02A /* Blocked.m in Sources */,
				2DC0096D1AC4E37500E9C02A /* SetContactViewController.m in Sources */,
				2DBC08BC1ABF95540095FE00 /* main.m in Sources */,
				2DBC08F41ABFDB110095FE00 /* SettingViewController.m in Sources */,
				2DBED5711AF357D200FE687B /* RequestListViewController.m in Sources */,
				2DCD56141B09AF7F00F1C52C /* ConversationViewController.m in Sources */,
				2DBC08F81ABFDDF00095FE00 /* Setting.m in Sources */,
				2D3F25641B142B0500823033 /* SetUnknownViewController.m in Sources */,
				2D9C915C1B045C17009D3E5A /* ContactListViewController.m in Sources */,
			);
			runOnlyForDeploymentPostprocessing = 0;
		};
		2DBC08CB1ABF95540095FE00 /* Sources */ = {
			isa = PBXSourcesBuildPhase;
			buildActionMask = 2147483647;
			files = (
				2DBC08D61ABF95540095FE00 /* Serval_ChatTests.m in Sources */,
			);
			runOnlyForDeploymentPostprocessing = 0;
		};
/* End PBXSourcesBuildPhase section */

/* Begin PBXTargetDependency section */
		2DBC08D11ABF95540095FE00 /* PBXTargetDependency */ = {
			isa = PBXTargetDependency;
			target = 2DBC08B51ABF95540095FE00 /* Serval Chat */;
			targetProxy = 2DBC08D01ABF95540095FE00 /* PBXContainerItemProxy */;
		};
/* End PBXTargetDependency section */

/* Begin PBXVariantGroup section */
		2DBC08C31ABF95540095FE00 /* Main.storyboard */ = {
			isa = PBXVariantGroup;
			children = (
				2DBC08C41ABF95540095FE00 /* Base */,
			);
			name = Main.storyboard;
			sourceTree = "<group>";
		};
		2DBC08C81ABF95540095FE00 /* LaunchScreen.xib */ = {
			isa = PBXVariantGroup;
			children = (
				2DBC08C91ABF95540095FE00 /* Base */,
			);
			name = LaunchScreen.xib;
			sourceTree = "<group>";
		};
/* End PBXVariantGroup section */

/* Begin XCBuildConfiguration section */
		2DBC08D71ABF95540095FE00 /* Debug */ = {
			isa = XCBuildConfiguration;
			buildSettings = {
				ALWAYS_SEARCH_USER_PATHS = NO;
				CLANG_CXX_LANGUAGE_STANDARD = "gnu++0x";
				CLANG_CXX_LIBRARY = "libc++";
				CLANG_ENABLE_MODULES = YES;
				CLANG_ENABLE_OBJC_ARC = YES;
				CLANG_WARN_BOOL_CONVERSION = YES;
				CLANG_WARN_CONSTANT_CONVERSION = YES;
				CLANG_WARN_DIRECT_OBJC_ISA_USAGE = YES_ERROR;
				CLANG_WARN_EMPTY_BODY = YES;
				CLANG_WARN_ENUM_CONVERSION = YES;
				CLANG_WARN_INT_CONVERSION = YES;
				CLANG_WARN_OBJC_ROOT_CLASS = YES_ERROR;
				CLANG_WARN_UNREACHABLE_CODE = YES;
				CLANG_WARN__DUPLICATE_METHOD_MATCH = YES;
				"CODE_SIGN_IDENTITY[sdk=iphoneos*]" = "iPhone Developer";
				COPY_PHASE_STRIP = NO;
				ENABLE_STRICT_OBJC_MSGSEND = YES;
				GCC_C_LANGUAGE_STANDARD = gnu99;
				GCC_DYNAMIC_NO_PIC = NO;
				GCC_OPTIMIZATION_LEVEL = 0;
				GCC_PREPROCESSOR_DEFINITIONS = (
					"DEBUG=1",
					"$(inherited)",
				);
				GCC_SYMBOLS_PRIVATE_EXTERN = NO;
				GCC_WARN_64_TO_32_BIT_CONVERSION = YES;
				GCC_WARN_ABOUT_RETURN_TYPE = YES_ERROR;
				GCC_WARN_UNDECLARED_SELECTOR = YES;
				GCC_WARN_UNINITIALIZED_AUTOS = YES_AGGRESSIVE;
				GCC_WARN_UNUSED_FUNCTION = YES;
				GCC_WARN_UNUSED_VARIABLE = YES;
				IPHONEOS_DEPLOYMENT_TARGET = 8.1;
				MTL_ENABLE_DEBUG_INFO = YES;
				ONLY_ACTIVE_ARCH = YES;
				SDKROOT = iphoneos;
				TARGETED_DEVICE_FAMILY = "1,2";
			};
			name = Debug;
		};
		2DBC08D81ABF95540095FE00 /* Release */ = {
			isa = XCBuildConfiguration;
			buildSettings = {
				ALWAYS_SEARCH_USER_PATHS = NO;
				CLANG_CXX_LANGUAGE_STANDARD = "gnu++0x";
				CLANG_CXX_LIBRARY = "libc++";
				CLANG_ENABLE_MODULES = YES;
				CLANG_ENABLE_OBJC_ARC = YES;
				CLANG_WARN_BOOL_CONVERSION = YES;
				CLANG_WARN_CONSTANT_CONVERSION = YES;
				CLANG_WARN_DIRECT_OBJC_ISA_USAGE = YES_ERROR;
				CLANG_WARN_EMPTY_BODY = YES;
				CLANG_WARN_ENUM_CONVERSION = YES;
				CLANG_WARN_INT_CONVERSION = YES;
				CLANG_WARN_OBJC_ROOT_CLASS = YES_ERROR;
				CLANG_WARN_UNREACHABLE_CODE = YES;
				CLANG_WARN__DUPLICATE_METHOD_MATCH = YES;
				"CODE_SIGN_IDENTITY[sdk=iphoneos*]" = "iPhone Developer";
				COPY_PHASE_STRIP = YES;
				ENABLE_NS_ASSERTIONS = NO;
				ENABLE_STRICT_OBJC_MSGSEND = YES;
				GCC_C_LANGUAGE_STANDARD = gnu99;
				GCC_WARN_64_TO_32_BIT_CONVERSION = YES;
				GCC_WARN_ABOUT_RETURN_TYPE = YES_ERROR;
				GCC_WARN_UNDECLARED_SELECTOR = YES;
				GCC_WARN_UNINITIALIZED_AUTOS = YES_AGGRESSIVE;
				GCC_WARN_UNUSED_FUNCTION = YES;
				GCC_WARN_UNUSED_VARIABLE = YES;
				IPHONEOS_DEPLOYMENT_TARGET = 8.1;
				MTL_ENABLE_DEBUG_INFO = NO;
				SDKROOT = iphoneos;
				TARGETED_DEVICE_FAMILY = "1,2";
				VALIDATE_PRODUCT = YES;
			};
			name = Release;
		};
		2DBC08DA1ABF95540095FE00 /* Debug */ = {
			isa = XCBuildConfiguration;
			buildSettings = {
				ASSETCATALOG_COMPILER_APPICON_NAME = AppIcon;
				INFOPLIST_FILE = "Serval Chat/Info.plist";
				IPHONEOS_DEPLOYMENT_TARGET = 6.0;
				LD_RUNPATH_SEARCH_PATHS = "$(inherited) @executable_path/Frameworks";
				PRODUCT_NAME = "$(TARGET_NAME)";
				TARGETED_DEVICE_FAMILY = "1,2";
			};
			name = Debug;
		};
		2DBC08DB1ABF95540095FE00 /* Release */ = {
			isa = XCBuildConfiguration;
			buildSettings = {
				ASSETCATALOG_COMPILER_APPICON_NAME = AppIcon;
				INFOPLIST_FILE = "Serval Chat/Info.plist";
				IPHONEOS_DEPLOYMENT_TARGET = 6.0;
				LD_RUNPATH_SEARCH_PATHS = "$(inherited) @executable_path/Frameworks";
				PRODUCT_NAME = "$(TARGET_NAME)";
				TARGETED_DEVICE_FAMILY = "1,2";
			};
			name = Release;
		};
		2DBC08DD1ABF95540095FE00 /* Debug */ = {
			isa = XCBuildConfiguration;
			buildSettings = {
				BUNDLE_LOADER = "$(TEST_HOST)";
				FRAMEWORK_SEARCH_PATHS = (
					"$(SDKROOT)/Developer/Library/Frameworks",
					"$(inherited)",
				);
				GCC_PREPROCESSOR_DEFINITIONS = (
					"DEBUG=1",
					"$(inherited)",
				);
				INFOPLIST_FILE = "Serval ChatTests/Info.plist";
				LD_RUNPATH_SEARCH_PATHS = "$(inherited) @executable_path/Frameworks @loader_path/Frameworks";
				PRODUCT_NAME = "$(TARGET_NAME)";
				TEST_HOST = "$(BUILT_PRODUCTS_DIR)/Serval Chat.app/Serval Chat";
			};
			name = Debug;
		};
		2DBC08DE1ABF95540095FE00 /* Release */ = {
			isa = XCBuildConfiguration;
			buildSettings = {
				BUNDLE_LOADER = "$(TEST_HOST)";
				FRAMEWORK_SEARCH_PATHS = (
					"$(SDKROOT)/Developer/Library/Frameworks",
					"$(inherited)",
				);
				INFOPLIST_FILE = "Serval ChatTests/Info.plist";
				LD_RUNPATH_SEARCH_PATHS = "$(inherited) @executable_path/Frameworks @loader_path/Frameworks";
				PRODUCT_NAME = "$(TARGET_NAME)";
				TEST_HOST = "$(BUILT_PRODUCTS_DIR)/Serval Chat.app/Serval Chat";
			};
			name = Release;
		};
/* End XCBuildConfiguration section */

/* Begin XCConfigurationList section */
		2DBC08B11ABF95540095FE00 /* Build configuration list for PBXProject "Serval Chat" */ = {
			isa = XCConfigurationList;
			buildConfigurations = (
				2DBC08D71ABF95540095FE00 /* Debug */,
				2DBC08D81ABF95540095FE00 /* Release */,
			);
			defaultConfigurationIsVisible = 0;
			defaultConfigurationName = Release;
		};
		2DBC08D91ABF95540095FE00 /* Build configuration list for PBXNativeTarget "Serval Chat" */ = {
			isa = XCConfigurationList;
			buildConfigurations = (
				2DBC08DA1ABF95540095FE00 /* Debug */,
				2DBC08DB1ABF95540095FE00 /* Release */,
			);
			defaultConfigurationIsVisible = 0;
			defaultConfigurationName = Release;
		};
		2DBC08DC1ABF95540095FE00 /* Build configuration list for PBXNativeTarget "Serval ChatTests" */ = {
			isa = XCConfigurationList;
			buildConfigurations = (
				2DBC08DD1ABF95540095FE00 /* Debug */,
				2DBC08DE1ABF95540095FE00 /* Release */,
			);
			defaultConfigurationIsVisible = 0;
			defaultConfigurationName = Release;
		};
/* End XCConfigurationList section */
	};
	rootObject = 2DBC08AE1ABF95540095FE00 /* Project object */;
}
